
Microsoft Visual Studio Solution File, Format Version 12.00
# Visual Studio Version 17
VisualStudioVersion = 17.11.35312.102
MinimumVisualStudioVersion = 10.0.40219.1
Project("{FAE04EC0-301F-11D3-BF4B-00C04F79EFBC}") = "ConsoleApp8", "ConsoleApp8\ConsoleApp8.csproj", "{2518B8D2-6EB5-4548-834C-78FEA869F649}"
EndProject
Global
	GlobalSection(SolutionConfigurationPlatforms) = preSolution
		Debug|Any CPU = Debug|Any CPU
		Release|Any CPU = Release|Any CPU
	EndGlobalSection
	GlobalSection(ProjectConfigurationPlatforms) = postSolution
		{2518B8D2-6EB5-4548-834C-78FEA869F649}.Debug|Any CPU.ActiveCfg = Debug|Any CPU
		{2518B8D2-6EB5-4548-834C-78FEA869F649}.Debug|Any CPU.Build.0 = Debug|Any CPU
		{2518B8D2-6EB5-4548-834C-78FEA869F649}.Release|Any CPU.ActiveCfg = Release|Any CPU
		{2518B8D2-6EB5-4548-834C-78FEA869F649}.Release|Any CPU.Build.0 = Release|Any CPU
	EndGlobalSection
	GlobalSection(SolutionProperties) = preSolution
		HideSolutionNode = FALSE
	EndGlobalSection
	GlobalSection(ExtensibilityGlobals) = postSolution
		SolutionGuid = {3863E28A-A9A6-49F8-B8AA-34E852A46999}
	EndGlobalSection
EndGlobal
